
Microsoft Visual Studio Solution File, Format Version 12.00
# Visual Studio 14
VisualStudioVersion = 14.0.25420.1
MinimumVisualStudioVersion = 10.0.40219.1
Project("{FAE04EC0-301F-11D3-BF4B-00C04F79EFBC}") = "AppNotex.Droid", "AppNotex\AppNotex.Droid\AppNotex.Droid.csproj", "{48F225DB-76B4-4BF3-BD90-160ADE9A6A24}"
EndProject
Project("{FAE04EC0-301F-11D3-BF4B-00C04F79EFBC}") = "AppNotex.iOS", "AppNotex\AppNotex.iOS\AppNotex.iOS.csproj", "{C6218A4F-AFCB-4912-89DD-E21D3F6B3E69}"
EndProject
Project("{FAE04EC0-301F-11D3-BF4B-00C04F79EFBC}") = "AppNotex.WinPhone", "AppNotex\AppNotex.WinPhone\AppNotex.WinPhone.csproj", "{67A713AB-B6F6-4BDF-9391-FC6B1D5828EA}"
EndProject
Project("{FAE04EC0-301F-11D3-BF4B-00C04F79EFBC}") = "AppNotex.UWP", "AppNotex\AppNotex.UWP\AppNotex.UWP.csproj", "{7217C84F-165C-4E73-A01C-745C84ED6229}"
EndProject
Project("{FAE04EC0-301F-11D3-BF4B-00C04F79EFBC}") = "AppNotex.Windows", "AppNotex\AppNotex.Windows\AppNotex.Windows.csproj", "{62EBF2D2-AB83-448F-BECB-A5B9A1F8A266}"
EndProject
Project("{FAE04EC0-301F-11D3-BF4B-00C04F79EFBC}") = "AppNotex", "AppNotex\AppNotex\AppNotex.csproj", "{19DE9949-F679-4FF9-B726-94FD28C81C06}"
EndProject
Global
	GlobalSection(SolutionConfigurationPlatforms) = preSolution
		Ad-Hoc|Any CPU = Ad-Hoc|Any CPU
		Ad-Hoc|ARM = Ad-Hoc|ARM
		Ad-Hoc|iPhone = Ad-Hoc|iPhone
		Ad-Hoc|iPhoneSimulator = Ad-Hoc|iPhoneSimulator
		Ad-Hoc|x64 = Ad-Hoc|x64
		Ad-Hoc|x86 = Ad-Hoc|x86
		AppStore|Any CPU = AppStore|Any CPU
		AppStore|ARM = AppStore|ARM
		AppStore|iPhone = AppStore|iPhone
		AppStore|iPhoneSimulator = AppStore|iPhoneSimulator
		AppStore|x64 = AppStore|x64
		AppStore|x86 = AppStore|x86
		Debug|Any CPU = Debug|Any CPU
		Debug|ARM = Debug|ARM
		Debug|iPhone = Debug|iPhone
		Debug|iPhoneSimulator = Debug|iPhoneSimulator
		Debug|x64 = Debug|x64
		Debug|x86 = Debug|x86
		Release|Any CPU = Release|Any CPU
		Release|ARM = Release|ARM
		Release|iPhone = Release|iPhone
		Release|iPhoneSimulator = Release|iPhoneSimulator
		Release|x64 = Release|x64
		Release|x86 = Release|x86
	EndGlobalSection
	GlobalSection(ProjectConfigurationPlatforms) = postSolution
		{48F225DB-76B4-4BF3-BD90-160ADE9A6A24}.Ad-Hoc|Any CPU.ActiveCfg = Release|Any CPU
		{48F225DB-76B4-4BF3-BD90-160ADE9A6A24}.Ad-Hoc|Any CPU.Build.0 = Release|Any CPU
		{48F225DB-76B4-4BF3-BD90-160ADE9A6A24}.Ad-Hoc|Any CPU.Deploy.0 = Release|Any CPU
		{48F225DB-76B4-4BF3-BD90-160ADE9A6A24}.Ad-Hoc|ARM.ActiveCfg = Release|Any CPU
		{48F225DB-76B4-4BF3-BD90-160ADE9A6A24}.Ad-Hoc|ARM.Build.0 = Release|Any CPU
		{48F225DB-76B4-4BF3-BD90-160ADE9A6A24}.Ad-Hoc|ARM.Deploy.0 = Release|Any CPU
		{48F225DB-76B4-4BF3-BD90-160ADE9A6A24}.Ad-Hoc|iPhone.ActiveCfg = Release|Any CPU
		{48F225DB-76B4-4BF3-BD90-160ADE9A6A24}.Ad-Hoc|iPhone.Build.0 = Release|Any CPU
		{48F225DB-76B4-4BF3-BD90-160ADE9A6A24}.Ad-Hoc|iPhone.Deploy.0 = Release|Any CPU
		{48F225DB-76B4-4BF3-BD90-160ADE9A6A24}.Ad-Hoc|iPhoneSimulator.ActiveCfg = Release|Any CPU
		{48F225DB-76B4-4BF3-BD90-160ADE9A6A24}.Ad-Hoc|iPhoneSimulator.Build.0 = Release|Any CPU
		{48F225DB-76B4-4BF3-BD90-160ADE9A6A24}.Ad-Hoc|iPhoneSimulator.Deploy.0 = Release|Any CPU
		{48F225DB-76B4-4BF3-BD90-160ADE9A6A24}.Ad-Hoc|x64.ActiveCfg = Release|Any CPU
		{48F225DB-76B4-4BF3-BD90-160ADE9A6A24}.Ad-Hoc|x64.Build.0 = Release|Any CPU
		{48F225DB-76B4-4BF3-BD90-160ADE9A6A24}.Ad-Hoc|x64.Deploy.0 = Release|Any CPU
		{48F225DB-76B4-4BF3-BD90-160ADE9A6A24}.Ad-Hoc|x86.ActiveCfg = Release|Any CPU
		{48F225DB-76B4-4BF3-BD90-160ADE9A6A24}.Ad-Hoc|x86.Build.0 = Release|Any CPU
		{48F225DB-76B4-4BF3-BD90-160ADE9A6A24}.Ad-Hoc|x86.Deploy.0 = Release|Any CPU
		{48F225DB-76B4-4BF3-BD90-160ADE9A6A24}.AppStore|Any CPU.ActiveCfg = Release|Any CPU
		{48F225DB-76B4-4BF3-BD90-160ADE9A6A24}.AppStore|Any CPU.Build.0 = Release|Any CPU
		{48F225DB-76B4-4BF3-BD90-160ADE9A6A24}.AppStore|Any CPU.Deploy.0 = Release|Any CPU
		{48F225DB-76B4-4BF3-BD90-160ADE9A6A24}.AppStore|ARM.ActiveCfg = Release|Any CPU
		{48F225DB-76B4-4BF3-BD90-160ADE9A6A24}.AppStore|ARM.Build.0 = Release|Any CPU
		{48F225DB-76B4-4BF3-BD90-160ADE9A6A24}.AppStore|ARM.Deploy.0 = Release|Any CPU
		{48F225DB-76B4-4BF3-BD90-160ADE9A6A24}.AppStore|iPhone.ActiveCfg = Release|Any CPU
		{48F225DB-76B4-4BF3-BD90-160ADE9A6A24}.AppStore|iPhone.Build.0 = Release|Any CPU
		{48F225DB-76B4-4BF3-BD90-160ADE9A6A24}.AppStore|iPhone.Deploy.0 = Release|Any CPU
		{48F225DB-76B4-4BF3-BD90-160ADE9A6A24}.AppStore|iPhoneSimulator.ActiveCfg = Release|Any CPU
		{48F225DB-76B4-4BF3-BD90-160ADE9A6A24}.AppStore|iPhoneSimulator.Build.0 = Release|Any CPU
		{48F225DB-76B4-4BF3-BD90-160ADE9A6A24}.AppStore|iPhoneSimulator.Deploy.0 = Release|Any CPU
		{48F225DB-76B4-4BF3-BD90-160ADE9A6A24}.AppStore|x64.ActiveCfg = Release|Any CPU
		{48F225DB-76B4-4BF3-BD90-160ADE9A6A24}.AppStore|x64.Build.0 = Release|Any CPU
		{48F225DB-76B4-4BF3-BD90-160ADE9A6A24}.AppStore|x64.Deploy.0 = Release|Any CPU
		{48F225DB-76B4-4BF3-BD90-160ADE9A6A24}.AppStore|x86.ActiveCfg = Release|Any CPU
		{48F225DB-76B4-4BF3-BD90-160ADE9A6A24}.AppStore|x86.Build.0 = Release|Any CPU
		{48F225DB-76B4-4BF3-BD90-160ADE9A6A24}.AppStore|x86.Deploy.0 = Release|Any CPU
		{48F225DB-76B4-4BF3-BD90-160ADE9A6A24}.Debug|Any CPU.ActiveCfg = Debug|Any CPU
		{48F225DB-76B4-4BF3-BD90-160ADE9A6A24}.Debug|Any CPU.Build.0 = Debug|Any CPU
		{48F225DB-76B4-4BF3-BD90-160ADE9A6A24}.Debug|Any CPU.Deploy.0 = Debug|Any CPU
		{48F225DB-76B4-4BF3-BD90-160ADE9A6A24}.Debug|ARM.ActiveCfg = Debug|Any CPU
		{48F225DB-76B4-4BF3-BD90-160ADE9A6A24}.Debug|ARM.Build.0 = Debug|Any CPU
		{48F225DB-76B4-4BF3-BD90-160ADE9A6A24}.Debug|ARM.Deploy.0 = Debug|Any CPU
		{48F225DB-76B4-4BF3-BD90-160ADE9A6A24}.Debug|iPhone.ActiveCfg = Debug|Any CPU
		{48F225DB-76B4-4BF3-BD90-160ADE9A6A24}.Debug|iPhone.Build.0 = Debug|Any CPU
		{48F225DB-76B4-4BF3-BD90-160ADE9A6A24}.Debug|iPhone.Deploy.0 = Debug|Any CPU
		{48F225DB-76B4-4BF3-BD90-160ADE9A6A24}.Debug|iPhoneSimulator.ActiveCfg = Debug|Any CPU
		{48F225DB-76B4-4BF3-BD90-160ADE9A6A24}.Debug|iPhoneSimulator.Build.0 = Debug|Any CPU
		{48F225DB-76B4-4BF3-BD90-160ADE9A6A24}.Debug|iPhoneSimulator.Deploy.0 = Debug|Any CPU
		{48F225DB-76B4-4BF3-BD90-160ADE9A6A24}.Debug|x64.ActiveCfg = Debug|Any CPU
		{48F225DB-76B4-4BF3-BD90-160ADE9A6A24}.Debug|x64.Build.0 = Debug|Any CPU
		{48F225DB-76B4-4BF3-BD90-160ADE9A6A24}.Debug|x64.Deploy.0 = Debug|Any CPU
		{48F225DB-76B4-4BF3-BD90-160ADE9A6A24}.Debug|x86.ActiveCfg = Debug|Any CPU
		{48F225DB-76B4-4BF3-BD90-160ADE9A6A24}.Debug|x86.Build.0 = Debug|Any CPU
		{48F225DB-76B4-4BF3-BD90-160ADE9A6A24}.Debug|x86.Deploy.0 = Debug|Any CPU
		{48F225DB-76B4-4BF3-BD90-160ADE9A6A24}.Release|Any CPU.ActiveCfg = Release|Any CPU
		{48F225DB-76B4-4BF3-BD90-160ADE9A6A24}.Release|Any CPU.Build.0 = Release|Any CPU
		{48F225DB-76B4-4BF3-BD90-160ADE9A6A24}.Release|Any CPU.Deploy.0 = Release|Any CPU
		{48F225DB-76B4-4BF3-BD90-160ADE9A6A24}.Release|ARM.ActiveCfg = Release|Any CPU
		{48F225DB-76B4-4BF3-BD90-160ADE9A6A24}.Release|ARM.Build.0 = Release|Any CPU
		{48F225DB-76B4-4BF3-BD90-160ADE9A6A24}.Release|ARM.Deploy.0 = Release|Any CPU
		{48F225DB-76B4-4BF3-BD90-160ADE9A6A24}.Release|iPhone.ActiveCfg = Release|Any CPU
		{48F225DB-76B4-4BF3-BD90-160ADE9A6A24}.Release|iPhone.Build.0 = Release|Any CPU
		{48F225DB-76B4-4BF3-BD90-160ADE9A6A24}.Release|iPhone.Deploy.0 = Release|Any CPU
		{48F225DB-76B4-4BF3-BD90-160ADE9A6A24}.Release|iPhoneSimulator.ActiveCfg = Release|Any CPU
		{48F225DB-76B4-4BF3-BD90-160ADE9A6A24}.Release|iPhoneSimulator.Build.0 = Release|Any CPU
		{48F225DB-76B4-4BF3-BD90-160ADE9A6A24}.Release|iPhoneSimulator.Deploy.0 = Release|Any CPU
		{48F225DB-76B4-4BF3-BD90-160ADE9A6A24}.Release|x64.ActiveCfg = Release|Any CPU
		{48F225DB-76B4-4BF3-BD90-160ADE9A6A24}.Release|x64.Build.0 = Release|Any CPU
		{48F225DB-76B4-4BF3-BD90-160ADE9A6A24}.Release|x64.Deploy.0 = Release|Any CPU
		{48F225DB-76B4-4BF3-BD90-160ADE9A6A24}.Release|x86.ActiveCfg = Release|Any CPU
		{48F225DB-76B4-4BF3-BD90-160ADE9A6A24}.Release|x86.Build.0 = Release|Any CPU
		{48F225DB-76B4-4BF3-BD90-160ADE9A6A24}.Release|x86.Deploy.0 = Release|Any CPU
		{C6218A4F-AFCB-4912-89DD-E21D3F6B3E69}.Ad-Hoc|Any CPU.ActiveCfg = Ad-Hoc|iPhone
		{C6218A4F-AFCB-4912-89DD-E21D3F6B3E69}.Ad-Hoc|ARM.ActiveCfg = Ad-Hoc|iPhone
		{C6218A4F-AFCB-4912-89DD-E21D3F6B3E69}.Ad-Hoc|iPhone.ActiveCfg = Ad-Hoc|iPhone
		{C6218A4F-AFCB-4912-89DD-E21D3F6B3E69}.Ad-Hoc|iPhone.Build.0 = Ad-Hoc|iPhone
		{C6218A4F-AFCB-4912-89DD-E21D3F6B3E69}.Ad-Hoc|iPhoneSimulator.ActiveCfg = Ad-Hoc|iPhoneSimulator
		{C6218A4F-AFCB-4912-89DD-E21D3F6B3E69}.Ad-Hoc|iPhoneSimulator.Build.0 = Ad-Hoc|iPhoneSimulator
		{C6218A4F-AFCB-4912-89DD-E21D3F6B3E69}.Ad-Hoc|x64.ActiveCfg = Ad-Hoc|iPhone
		{C6218A4F-AFCB-4912-89DD-E21D3F6B3E69}.Ad-Hoc|x86.ActiveCfg = Ad-Hoc|iPhone
		{C6218A4F-AFCB-4912-89DD-E21D3F6B3E69}.AppStore|Any CPU.ActiveCfg = AppStore|iPhone
		{C6218A4F-AFCB-4912-89DD-E21D3F6B3E69}.AppStore|ARM.ActiveCfg = AppStore|iPhone
		{C6218A4F-AFCB-4912-89DD-E21D3F6B3E69}.AppStore|iPhone.ActiveCfg = AppStore|iPhone
		{C6218A4F-AFCB-4912-89DD-E21D3F6B3E69}.AppStore|iPhone.Build.0 = AppStore|iPhone
		{C6218A4F-AFCB-4912-89DD-E21D3F6B3E69}.AppStore|iPhoneSimulator.ActiveCfg = AppStore|iPhoneSimulator
		{C6218A4F-AFCB-4912-89DD-E21D3F6B3E69}.AppStore|iPhoneSimulator.Build.0 = AppStore|iPhoneSimulator
		{C6218A4F-AFCB-4912-89DD-E21D3F6B3E69}.AppStore|x64.ActiveCfg = AppStore|iPhone
		{C6218A4F-AFCB-4912-89DD-E21D3F6B3E69}.AppStore|x86.ActiveCfg = AppStore|iPhone
		{C6218A4F-AFCB-4912-89DD-E21D3F6B3E69}.Debug|Any CPU.ActiveCfg = Debug|iPhone
		{C6218A4F-AFCB-4912-89DD-E21D3F6B3E69}.Debug|ARM.ActiveCfg = Debug|iPhone
		{C6218A4F-AFCB-4912-89DD-E21D3F6B3E69}.Debug|iPhone.ActiveCfg = Debug|iPhone
		{C6218A4F-AFCB-4912-89DD-E21D3F6B3E69}.Debug|iPhone.Build.0 = Debug|iPhone
		{C6218A4F-AFCB-4912-89DD-E21D3F6B3E69}.Debug|iPhoneSimulator.ActiveCfg = Debug|iPhoneSimulator
		{C6218A4F-AFCB-4912-89DD-E21D3F6B3E69}.Debug|iPhoneSimulator.Build.0 = Debug|iPhoneSimulator
		{C6218A4F-AFCB-4912-89DD-E21D3F6B3E69}.Debug|x64.ActiveCfg = Debug|iPhone
		{C6218A4F-AFCB-4912-89DD-E21D3F6B3E69}.Debug|x86.ActiveCfg = Debug|iPhone
		{C6218A4F-AFCB-4912-89DD-E21D3F6B3E69}.Release|Any CPU.ActiveCfg = Release|iPhone
		{C6218A4F-AFCB-4912-89DD-E21D3F6B3E69}.Release|ARM.ActiveCfg = Release|iPhone
		{C6218A4F-AFCB-4912-89DD-E21D3F6B3E69}.Release|iPhone.ActiveCfg = Release|iPhone
		{C6218A4F-AFCB-4912-89DD-E21D3F6B3E69}.Release|iPhone.Build.0 = Release|iPhone
		{C6218A4F-AFCB-4912-89DD-E21D3F6B3E69}.Release|iPhoneSimulator.ActiveCfg = Release|iPhoneSimulator
		{C6218A4F-AFCB-4912-89DD-E21D3F6B3E69}.Release|iPhoneSimulator.Build.0 = Release|iPhoneSimulator
		{C6218A4F-AFCB-4912-89DD-E21D3F6B3E69}.Release|x64.ActiveCfg = Release|iPhone
		{C6218A4F-AFCB-4912-89DD-E21D3F6B3E69}.Release|x86.ActiveCfg = Release|iPhone
		{67A713AB-B6F6-4BDF-9391-FC6B1D5828EA}.Ad-Hoc|Any CPU.ActiveCfg = Release|Any CPU
		{67A713AB-B6F6-4BDF-9391-FC6B1D5828EA}.Ad-Hoc|Any CPU.Build.0 = Release|Any CPU
		{67A713AB-B6F6-4BDF-9391-FC6B1D5828EA}.Ad-Hoc|Any CPU.Deploy.0 = Release|Any CPU
		{67A713AB-B6F6-4BDF-9391-FC6B1D5828EA}.Ad-Hoc|ARM.ActiveCfg = Release|ARM
		{67A713AB-B6F6-4BDF-9391-FC6B1D5828EA}.Ad-Hoc|ARM.Build.0 = Release|ARM
		{67A713AB-B6F6-4BDF-9391-FC6B1D5828EA}.Ad-Hoc|ARM.Deploy.0 = Release|ARM
		{67A713AB-B6F6-4BDF-9391-FC6B1D5828EA}.Ad-Hoc|iPhone.ActiveCfg = Release|Any CPU
		{67A713AB-B6F6-4BDF-9391-FC6B1D5828EA}.Ad-Hoc|iPhone.Build.0 = Release|Any CPU
		{67A713AB-B6F6-4BDF-9391-FC6B1D5828EA}.Ad-Hoc|iPhone.Deploy.0 = Release|Any CPU
		{67A713AB-B6F6-4BDF-9391-FC6B1D5828EA}.Ad-Hoc|iPhoneSimulator.ActiveCfg = Release|Any CPU
		{67A713AB-B6F6-4BDF-9391-FC6B1D5828EA}.Ad-Hoc|iPhoneSimulator.Build.0 = Release|Any CPU
		{67A713AB-B6F6-4BDF-9391-FC6B1D5828EA}.Ad-Hoc|iPhoneSimulator.Deploy.0 = Release|Any CPU
		{67A713AB-B6F6-4BDF-9391-FC6B1D5828EA}.Ad-Hoc|x64.ActiveCfg = Release|Any CPU
		{67A713AB-B6F6-4BDF-9391-FC6B1D5828EA}.Ad-Hoc|x64.Build.0 = Release|Any CPU
		{67A713AB-B6F6-4BDF-9391-FC6B1D5828EA}.Ad-Hoc|x64.Deploy.0 = Release|Any CPU
		{67A713AB-B6F6-4BDF-9391-FC6B1D5828EA}.Ad-Hoc|x86.ActiveCfg = Release|x86
		{67A713AB-B6F6-4BDF-9391-FC6B1D5828EA}.Ad-Hoc|x86.Build.0 = Release|x86
		{67A713AB-B6F6-4BDF-9391-FC6B1D5828EA}.Ad-Hoc|x86.Deploy.0 = Release|x86
		{67A713AB-B6F6-4BDF-9391-FC6B1D5828EA}.AppStore|Any CPU.ActiveCfg = Release|Any CPU
		{67A713AB-B6F6-4BDF-9391-FC6B1D5828EA}.AppStore|Any CPU.Build.0 = Release|Any CPU
		{67A713AB-B6F6-4BDF-9391-FC6B1D5828EA}.AppStore|Any CPU.Deploy.0 = Release|Any CPU
		{67A713AB-B6F6-4BDF-9391-FC6B1D5828EA}.AppStore|ARM.ActiveCfg = Release|ARM
		{67A713AB-B6F6-4BDF-9391-FC6B1D5828EA}.AppStore|ARM.Build.0 = Release|ARM
		{67A713AB-B6F6-4BDF-9391-FC6B1D5828EA}.AppStore|ARM.Deploy.0 = Release|ARM
		{67A713AB-B6F6-4BDF-9391-FC6B1D5828EA}.AppStore|iPhone.ActiveCfg = Release|Any CPU
		{67A713AB-B6F6-4BDF-9391-FC6B1D5828EA}.AppStore|iPhone.Build.0 = Release|Any CPU
		{67A713AB-B6F6-4BDF-9391-FC6B1D5828EA}.AppStore|iPhone.Deploy.0 = Release|Any CPU
		{67A713AB-B6F6-4BDF-9391-FC6B1D5828EA}.AppStore|iPhoneSimulator.ActiveCfg = Release|Any CPU
		{67A713AB-B6F6-4BDF-9391-FC6B1D5828EA}.AppStore|iPhoneSimulator.Build.0 = Release|Any CPU
		{67A713AB-B6F6-4BDF-9391-FC6B1D5828EA}.AppStore|iPhoneSimulator.Deploy.0 = Release|Any CPU
		{67A713AB-B6F6-4BDF-9391-FC6B1D5828EA}.AppStore|x64.ActiveCfg = Release|Any CPU
		{67A713AB-B6F6-4BDF-9391-FC6B1D5828EA}.AppStore|x64.Build.0 = Release|Any CPU
		{67A713AB-B6F6-4BDF-9391-FC6B1D5828EA}.AppStore|x64.Deploy.0 = Release|Any CPU
		{67A713AB-B6F6-4BDF-9391-FC6B1D5828EA}.AppStore|x86.ActiveCfg = Release|x86
		{67A713AB-B6F6-4BDF-9391-FC6B1D5828EA}.AppStore|x86.Build.0 = Release|x86
		{67A713AB-B6F6-4BDF-9391-FC6B1D5828EA}.AppStore|x86.Deploy.0 = Release|x86
		{67A713AB-B6F6-4BDF-9391-FC6B1D5828EA}.Debug|Any CPU.ActiveCfg = Debug|Any CPU
		{67A713AB-B6F6-4BDF-9391-FC6B1D5828EA}.Debug|Any CPU.Build.0 = Debug|Any CPU
		{67A713AB-B6F6-4BDF-9391-FC6B1D5828EA}.Debug|Any CPU.Deploy.0 = Debug|Any CPU
		{67A713AB-B6F6-4BDF-9391-FC6B1D5828EA}.Debug|ARM.ActiveCfg = Debug|ARM
		{67A713AB-B6F6-4BDF-9391-FC6B1D5828EA}.Debug|ARM.Build.0 = Debug|ARM
		{67A713AB-B6F6-4BDF-9391-FC6B1D5828EA}.Debug|ARM.Deploy.0 = Debug|ARM
		{67A713AB-B6F6-4BDF-9391-FC6B1D5828EA}.Debug|iPhone.ActiveCfg = Debug|Any CPU
		{67A713AB-B6F6-4BDF-9391-FC6B1D5828EA}.Debug|iPhone.Build.0 = Debug|Any CPU
		{67A713AB-B6F6-4BDF-9391-FC6B1D5828EA}.Debug|iPhone.Deploy.0 = Debug|Any CPU
		{67A713AB-B6F6-4BDF-9391-FC6B1D5828EA}.Debug|iPhoneSimulator.ActiveCfg = Debug|Any CPU
		{67A713AB-B6F6-4BDF-9391-FC6B1D5828EA}.Debug|iPhoneSimulator.Build.0 = Debug|Any CPU
		{67A713AB-B6F6-4BDF-9391-FC6B1D5828EA}.Debug|iPhoneSimulator.Deploy.0 = Debug|Any CPU
		{67A713AB-B6F6-4BDF-9391-FC6B1D5828EA}.Debug|x64.ActiveCfg = Debug|Any CPU
		{67A713AB-B6F6-4BDF-9391-FC6B1D5828EA}.Debug|x64.Build.0 = Debug|Any CPU
		{67A713AB-B6F6-4BDF-9391-FC6B1D5828EA}.Debug|x64.Deploy.0 = Debug|Any CPU
		{67A713AB-B6F6-4BDF-9391-FC6B1D5828EA}.Debug|x86.ActiveCfg = Debug|x86
		{67A713AB-B6F6-4BDF-9391-FC6B1D5828EA}.Debug|x86.Build.0 = Debug|x86
		{67A713AB-B6F6-4BDF-9391-FC6B1D5828EA}.Debug|x86.Deploy.0 = Debug|x86
		{67A713AB-B6F6-4BDF-9391-FC6B1D5828EA}.Release|Any CPU.ActiveCfg = Release|Any CPU
		{67A713AB-B6F6-4BDF-9391-FC6B1D5828EA}.Release|Any CPU.Build.0 = Release|Any CPU
		{67A713AB-B6F6-4BDF-9391-FC6B1D5828EA}.Release|Any CPU.Deploy.0 = Release|Any CPU
		{67A713AB-B6F6-4BDF-9391-FC6B1D5828EA}.Release|ARM.ActiveCfg = Release|ARM
		{67A713AB-B6F6-4BDF-9391-FC6B1D5828EA}.Release|ARM.Build.0 = Release|ARM
		{67A713AB-B6F6-4BDF-9391-FC6B1D5828EA}.Release|ARM.Deploy.0 = Release|ARM
		{67A713AB-B6F6-4BDF-9391-FC6B1D5828EA}.Release|iPhone.ActiveCfg = Release|Any CPU
		{67A713AB-B6F6-4BDF-9391-FC6B1D5828EA}.Release|iPhone.Build.0 = Release|Any CPU
		{67A713AB-B6F6-4BDF-9391-FC6B1D5828EA}.Release|iPhone.Deploy.0 = Release|Any CPU
		{67A713AB-B6F6-4BDF-9391-FC6B1D5828EA}.Release|iPhoneSimulator.ActiveCfg = Release|Any CPU
		{67A713AB-B6F6-4BDF-9391-FC6B1D5828EA}.Release|iPhoneSimulator.Build.0 = Release|Any CPU
		{67A713AB-B6F6-4BDF-9391-FC6B1D5828EA}.Release|iPhoneSimulator.Deploy.0 = Release|Any CPU
		{67A713AB-B6F6-4BDF-9391-FC6B1D5828EA}.Release|x64.ActiveCfg = Release|Any CPU
		{67A713AB-B6F6-4BDF-9391-FC6B1D5828EA}.Release|x64.Build.0 = Release|Any CPU
		{67A713AB-B6F6-4BDF-9391-FC6B1D5828EA}.Release|x64.Deploy.0 = Release|Any CPU
		{67A713AB-B6F6-4BDF-9391-FC6B1D5828EA}.Release|x86.ActiveCfg = Release|x86
		{67A713AB-B6F6-4BDF-9391-FC6B1D5828EA}.Release|x86.Build.0 = Release|x86
		{67A713AB-B6F6-4BDF-9391-FC6B1D5828EA}.Release|x86.Deploy.0 = Release|x86
		{7217C84F-165C-4E73-A01C-745C84ED6229}.Ad-Hoc|Any CPU.ActiveCfg = Release|x86
		{7217C84F-165C-4E73-A01C-745C84ED6229}.Ad-Hoc|Any CPU.Build.0 = Release|x86
		{7217C84F-165C-4E73-A01C-745C84ED6229}.Ad-Hoc|Any CPU.Deploy.0 = Release|x86
		{7217C84F-165C-4E73-A01C-745C84ED6229}.Ad-Hoc|ARM.ActiveCfg = Release|ARM
		{7217C84F-165C-4E73-A01C-745C84ED6229}.Ad-Hoc|ARM.Build.0 = Release|ARM
		{7217C84F-165C-4E73-A01C-745C84ED6229}.Ad-Hoc|ARM.Deploy.0 = Release|ARM
		{7217C84F-165C-4E73-A01C-745C84ED6229}.Ad-Hoc|iPhone.ActiveCfg = Release|x86
		{7217C84F-165C-4E73-A01C-745C84ED6229}.Ad-Hoc|iPhone.Build.0 = Release|x86
		{7217C84F-165C-4E73-A01C-745C84ED6229}.Ad-Hoc|iPhone.Deploy.0 = Release|x86
		{7217C84F-165C-4E73-A01C-745C84ED6229}.Ad-Hoc|iPhoneSimulator.ActiveCfg = Release|x86
		{7217C84F-165C-4E73-A01C-745C84ED6229}.Ad-Hoc|iPhoneSimulator.Build.0 = Release|x86
		{7217C84F-165C-4E73-A01C-745C84ED6229}.Ad-Hoc|iPhoneSimulator.Deploy.0 = Release|x86
		{7217C84F-165C-4E73-A01C-745C84ED6229}.Ad-Hoc|x64.ActiveCfg = Release|x64
		{7217C84F-165C-4E73-A01C-745C84ED6229}.Ad-Hoc|x64.Build.0 = Release|x64
		{7217C84F-165C-4E73-A01C-745C84ED6229}.Ad-Hoc|x64.Deploy.0 = Release|x64
		{7217C84F-165C-4E73-A01C-745C84ED6229}.Ad-Hoc|x86.ActiveCfg = Release|x86
		{7217C84F-165C-4E73-A01C-745C84ED6229}.Ad-Hoc|x86.Build.0 = Release|x86
		{7217C84F-165C-4E73-A01C-745C84ED6229}.Ad-Hoc|x86.Deploy.0 = Release|x86
		{7217C84F-165C-4E73-A01C-745C84ED6229}.AppStore|Any CPU.ActiveCfg = Release|x86
		{7217C84F-165C-4E73-A01C-745C84ED6229}.AppStore|Any CPU.Build.0 = Release|x86
		{7217C84F-165C-4E73-A01C-745C84ED6229}.AppStore|Any CPU.Deploy.0 = Release|x86
		{7217C84F-165C-4E73-A01C-745C84ED6229}.AppStore|ARM.ActiveCfg = Release|ARM
		{7217C84F-165C-4E73-A01C-745C84ED6229}.AppStore|ARM.Build.0 = Release|ARM
		{7217C84F-165C-4E73-A01C-745C84ED6229}.AppStore|ARM.Deploy.0 = Release|ARM
		{7217C84F-165C-4E73-A01C-745C84ED6229}.AppStore|iPhone.ActiveCfg = Release|x86
		{7217C84F-165C-4E73-A01C-745C84ED6229}.AppStore|iPhone.Build.0 = Release|x86
		{7217C84F-165C-4E73-A01C-745C84ED6229}.AppStore|iPhone.Deploy.0 = Release|x86
		{7217C84F-165C-4E73-A01C-745C84ED6229}.AppStore|iPhoneSimulator.ActiveCfg = Release|x86
		{7217C84F-165C-4E73-A01C-745C84ED6229}.AppStore|iPhoneSimulator.Build.0 = Release|x86
		{7217C84F-165C-4E73-A01C-745C84ED6229}.AppStore|iPhoneSimulator.Deploy.0 = Release|x86
		{7217C84F-165C-4E73-A01C-745C84ED6229}.AppStore|x64.ActiveCfg = Release|x64
		{7217C84F-165C-4E73-A01C-745C84ED6229}.AppStore|x64.Build.0 = Release|x64
		{7217C84F-165C-4E73-A01C-745C84ED6229}.AppStore|x64.Deploy.0 = Release|x64
		{7217C84F-165C-4E73-A01C-745C84ED6229}.AppStore|x86.ActiveCfg = Release|x86
		{7217C84F-165C-4E73-A01C-745C84ED6229}.AppStore|x86.Build.0 = Release|x86
		{7217C84F-165C-4E73-A01C-745C84ED6229}.AppStore|x86.Deploy.0 = Release|x86
		{7217C84F-165C-4E73-A01C-745C84ED6229}.Debug|Any CPU.ActiveCfg = Debug|x86
		{7217C84F-165C-4E73-A01C-745C84ED6229}.Debug|ARM.ActiveCfg = Debug|ARM
		{7217C84F-165C-4E73-A01C-745C84ED6229}.Debug|ARM.Build.0 = Debug|ARM
		{7217C84F-165C-4E73-A01C-745C84ED6229}.Debug|ARM.Deploy.0 = Debug|ARM
		{7217C84F-165C-4E73-A01C-745C84ED6229}.Debug|iPhone.ActiveCfg = Debug|x86
		{7217C84F-165C-4E73-A01C-745C84ED6229}.Debug|iPhoneSimulator.ActiveCfg = Debug|x86
		{7217C84F-165C-4E73-A01C-745C84ED6229}.Debug|x64.ActiveCfg = Debug|x64
		{7217C84F-165C-4E73-A01C-745C84ED6229}.Debug|x64.Build.0 = Debug|x64
		{7217C84F-165C-4E73-A01C-745C84ED6229}.Debug|x64.Deploy.0 = Debug|x64
		{7217C84F-165C-4E73-A01C-745C84ED6229}.Debug|x86.ActiveCfg = Debug|x86
		{7217C84F-165C-4E73-A01C-745C84ED6229}.Debug|x86.Build.0 = Debug|x86
		{7217C84F-165C-4E73-A01C-745C84ED6229}.Debug|x86.Deploy.0 = Debug|x86
		{7217C84F-165C-4E73-A01C-745C84ED6229}.Release|Any CPU.ActiveCfg = Release|x86
		{7217C84F-165C-4E73-A01C-745C84ED6229}.Release|ARM.ActiveCfg = Release|ARM
		{7217C84F-165C-4E73-A01C-745C84ED6229}.Release|ARM.Build.0 = Release|ARM
		{7217C84F-165C-4E73-A01C-745C84ED6229}.Release|ARM.Deploy.0 = Release|ARM
		{7217C84F-165C-4E73-A01C-745C84ED6229}.Release|iPhone.ActiveCfg = Release|x86
		{7217C84F-165C-4E73-A01C-745C84ED6229}.Release|iPhoneSimulator.ActiveCfg = Release|x86
		{7217C84F-165C-4E73-A01C-745C84ED6229}.Release|x64.ActiveCfg = Release|x64
		{7217C84F-165C-4E73-A01C-745C84ED6229}.Release|x64.Build.0 = Release|x64
		{7217C84F-165C-4E73-A01C-745C84ED6229}.Release|x64.Deploy.0 = Release|x64
		{7217C84F-165C-4E73-A01C-745C84ED6229}.Release|x86.ActiveCfg = Release|x86
		{7217C84F-165C-4E73-A01C-745C84ED6229}.Release|x86.Build.0 = Release|x86
		{7217C84F-165C-4E73-A01C-745C84ED6229}.Release|x86.Deploy.0 = Release|x86
		{62EBF2D2-AB83-448F-BECB-A5B9A1F8A266}.Ad-Hoc|Any CPU.ActiveCfg = Release|Any CPU
		{62EBF2D2-AB83-448F-BECB-A5B9A1F8A266}.Ad-Hoc|Any CPU.Build.0 = Release|Any CPU
		{62EBF2D2-AB83-448F-BECB-A5B9A1F8A266}.Ad-Hoc|Any CPU.Deploy.0 = Release|Any CPU
		{62EBF2D2-AB83-448F-BECB-A5B9A1F8A266}.Ad-Hoc|ARM.ActiveCfg = Release|ARM
		{62EBF2D2-AB83-448F-BECB-A5B9A1F8A266}.Ad-Hoc|ARM.Build.0 = Release|ARM
		{62EBF2D2-AB83-448F-BECB-A5B9A1F8A266}.Ad-Hoc|ARM.Deploy.0 = Release|ARM
		{62EBF2D2-AB83-448F-BECB-A5B9A1F8A266}.Ad-Hoc|iPhone.ActiveCfg = Release|Any CPU
		{62EBF2D2-AB83-448F-BECB-A5B9A1F8A266}.Ad-Hoc|iPhone.Build.0 = Release|Any CPU
		{62EBF2D2-AB83-448F-BECB-A5B9A1F8A266}.Ad-Hoc|iPhone.Deploy.0 = Release|Any CPU
		{62EBF2D2-AB83-448F-BECB-A5B9A1F8A266}.Ad-Hoc|iPhoneSimulator.ActiveCfg = Release|Any CPU
		{62EBF2D2-AB83-448F-BECB-A5B9A1F8A266}.Ad-Hoc|iPhoneSimulator.Build.0 = Release|Any CPU
		{62EBF2D2-AB83-448F-BECB-A5B9A1F8A266}.Ad-Hoc|iPhoneSimulator.Deploy.0 = Release|Any CPU
		{62EBF2D2-AB83-448F-BECB-A5B9A1F8A266}.Ad-Hoc|x64.ActiveCfg = Release|x64
		{62EBF2D2-AB83-448F-BECB-A5B9A1F8A266}.Ad-Hoc|x64.Build.0 = Release|x64
		{62EBF2D2-AB83-448F-BECB-A5B9A1F8A266}.Ad-Hoc|x64.Deploy.0 = Release|x64
		{62EBF2D2-AB83-448F-BECB-A5B9A1F8A266}.Ad-Hoc|x86.ActiveCfg = Release|x86
		{62EBF2D2-AB83-448F-BECB-A5B9A1F8A266}.Ad-Hoc|x86.Build.0 = Release|x86
		{62EBF2D2-AB83-448F-BECB-A5B9A1F8A266}.Ad-Hoc|x86.Deploy.0 = Release|x86
		{62EBF2D2-AB83-448F-BECB-A5B9A1F8A266}.AppStore|Any CPU.ActiveCfg = Release|Any CPU
		{62EBF2D2-AB83-448F-BECB-A5B9A1F8A266}.AppStore|Any CPU.Build.0 = Release|Any CPU
		{62EBF2D2-AB83-448F-BECB-A5B9A1F8A266}.AppStore|Any CPU.Deploy.0 = Release|Any CPU
		{62EBF2D2-AB83-448F-BECB-A5B9A1F8A266}.AppStore|ARM.ActiveCfg = Release|ARM
		{62EBF2D2-AB83-448F-BECB-A5B9A1F8A266}.AppStore|ARM.Build.0 = Release|ARM
		{62EBF2D2-AB83-448F-BECB-A5B9A1F8A266}.AppStore|ARM.Deploy.0 = Release|ARM
		{62EBF2D2-AB83-448F-BECB-A5B9A1F8A266}.AppStore|iPhone.ActiveCfg = Release|Any CPU
		{62EBF2D2-AB83-448F-BECB-A5B9A1F8A266}.AppStore|iPhone.Build.0 = Release|Any CPU
		{62EBF2D2-AB83-448F-BECB-A5B9A1F8A266}.AppStore|iPhone.Deploy.0 = Release|Any CPU
		{62EBF2D2-AB83-448F-BECB-A5B9A1F8A266}.AppStore|iPhoneSimulator.ActiveCfg = Release|Any CPU
		{62EBF2D2-AB83-448F-BECB-A5B9A1F8A266}.AppStore|iPhoneSimulator.Build.0 = Release|Any CPU
		{62EBF2D2-AB83-448F-BECB-A5B9A1F8A266}.AppStore|iPhoneSimulator.Deploy.0 = Release|Any CPU
		{62EBF2D2-AB83-448F-BECB-A5B9A1F8A266}.AppStore|x64.ActiveCfg = Release|x64
		{62EBF2D2-AB83-448F-BECB-A5B9A1F8A266}.AppStore|x64.Build.0 = Release|x64
		{62EBF2D2-AB83-448F-BECB-A5B9A1F8A266}.AppStore|x64.Deploy.0 = Release|x64
		{62EBF2D2-AB83-448F-BECB-A5B9A1F8A266}.AppStore|x86.ActiveCfg = Release|x86
		{62EBF2D2-AB83-448F-BECB-A5B9A1F8A266}.AppStore|x86.Build.0 = Release|x86
		{62EBF2D2-AB83-448F-BECB-A5B9A1F8A266}.AppStore|x86.Deploy.0 = Release|x86
		{62EBF2D2-AB83-448F-BECB-A5B9A1F8A266}.Debug|Any CPU.ActiveCfg = Debug|Any CPU
		{62EBF2D2-AB83-448F-BECB-A5B9A1F8A266}.Debug|Any CPU.Build.0 = Debug|Any CPU
		{62EBF2D2-AB83-448F-BECB-A5B9A1F8A266}.Debug|Any CPU.Deploy.0 = Debug|Any CPU
		{62EBF2D2-AB83-448F-BECB-A5B9A1F8A266}.Debug|ARM.ActiveCfg = Debug|ARM
		{62EBF2D2-AB83-448F-BECB-A5B9A1F8A266}.Debug|ARM.Build.0 = Debug|ARM
		{62EBF2D2-AB83-448F-BECB-A5B9A1F8A266}.Debug|ARM.Deploy.0 = Debug|ARM
		{62EBF2D2-AB83-448F-BECB-A5B9A1F8A266}.Debug|iPhone.ActiveCfg = Debug|Any CPU
		{62EBF2D2-AB83-448F-BECB-A5B9A1F8A266}.Debug|iPhone.Build.0 = Debug|Any CPU
		{62EBF2D2-AB83-448F-BECB-A5B9A1F8A266}.Debug|iPhone.Deploy.0 = Debug|Any CPU
		{62EBF2D2-AB83-448F-BECB-A5B9A1F8A266}.Debug|iPhoneSimulator.ActiveCfg = Debug|Any CPU
		{62EBF2D2-AB83-448F-BECB-A5B9A1F8A266}.Debug|iPhoneSimulator.Build.0 = Debug|Any CPU
		{62EBF2D2-AB83-448F-BECB-A5B9A1F8A266}.Debug|iPhoneSimulator.Deploy.0 = Debug|Any CPU
		{62EBF2D2-AB83-448F-BECB-A5B9A1F8A266}.Debug|x64.ActiveCfg = Debug|x64
		{62EBF2D2-AB83-448F-BECB-A5B9A1F8A266}.Debug|x64.Build.0 = Debug|x64
		{62EBF2D2-AB83-448F-BECB-A5B9A1F8A266}.Debug|x64.Deploy.0 = Debug|x64
		{62EBF2D2-AB83-448F-BECB-A5B9A1F8A266}.Debug|x86.ActiveCfg = Debug|x86
		{62EBF2D2-AB83-448F-BECB-A5B9A1F8A266}.Debug|x86.Build.0 = Debug|x86
		{62EBF2D2-AB83-448F-BECB-A5B9A1F8A266}.Debug|x86.Deploy.0 = Debug|x86
		{62EBF2D2-AB83-448F-BECB-A5B9A1F8A266}.Release|Any CPU.ActiveCfg = Release|Any CPU
		{62EBF2D2-AB83-448F-BECB-A5B9A1F8A266}.Release|Any CPU.Build.0 = Release|Any CPU
		{62EBF2D2-AB83-448F-BECB-A5B9A1F8A266}.Release|Any CPU.Deploy.0 = Release|Any CPU
		{62EBF2D2-AB83-448F-BECB-A5B9A1F8A266}.Release|ARM.ActiveCfg = Release|ARM
		{62EBF2D2-AB83-448F-BECB-A5B9A1F8A266}.Release|ARM.Build.0 = Release|ARM
		{62EBF2D2-AB83-448F-BECB-A5B9A1F8A266}.Release|ARM.Deploy.0 = Release|ARM
		{62EBF2D2-AB83-448F-BECB-A5B9A1F8A266}.Release|iPhone.ActiveCfg = Release|Any CPU
		{62EBF2D2-AB83-448F-BECB-A5B9A1F8A266}.Release|iPhone.Build.0 = Release|Any CPU
		{62EBF2D2-AB83-448F-BECB-A5B9A1F8A266}.Release|iPhone.Deploy.0 = Release|Any CPU
		{62EBF2D2-AB83-448F-BECB-A5B9A1F8A266}.Release|iPhoneSimulator.ActiveCfg = Release|Any CPU
		{62EBF2D2-AB83-448F-BECB-A5B9A1F8A266}.Release|iPhoneSimulator.Build.0 = Release|Any CPU
		{62EBF2D2-AB83-448F-BECB-A5B9A1F8A266}.Release|iPhoneSimulator.Deploy.0 = Release|Any CPU
		{62EBF2D2-AB83-448F-BECB-A5B9A1F8A266}.Release|x64.ActiveCfg = Release|x64
		{62EBF2D2-AB83-448F-BECB-A5B9A1F8A266}.Release|x64.Build.0 = Release|x64
		{62EBF2D2-AB83-448F-BECB-A5B9A1F8A266}.Release|x64.Deploy.0 = Release|x64
		{62EBF2D2-AB83-448F-BECB-A5B9A1F8A266}.Release|x86.ActiveCfg = Release|x86
		{62EBF2D2-AB83-448F-BECB-A5B9A1F8A266}.Release|x86.Build.0 = Release|x86
		{62EBF2D2-AB83-448F-BECB-A5B9A1F8A266}.Release|x86.Deploy.0 = Release|x86
		{19DE9949-F679-4FF9-B726-94FD28C81C06}.Ad-Hoc|Any CPU.ActiveCfg = Release|Any CPU
		{19DE9949-F679-4FF9-B726-94FD28C81C06}.Ad-Hoc|Any CPU.Build.0 = Release|Any CPU
		{19DE9949-F679-4FF9-B726-94FD28C81C06}.Ad-Hoc|ARM.ActiveCfg = Release|Any CPU
		{19DE9949-F679-4FF9-B726-94FD28C81C06}.Ad-Hoc|ARM.Build.0 = Release|Any CPU
		{19DE9949-F679-4FF9-B726-94FD28C81C06}.Ad-Hoc|iPhone.ActiveCfg = Release|Any CPU
		{19DE9949-F679-4FF9-B726-94FD28C81C06}.Ad-Hoc|iPhone.Build.0 = Release|Any CPU
		{19DE9949-F679-4FF9-B726-94FD28C81C06}.Ad-Hoc|iPhoneSimulator.ActiveCfg = Release|Any CPU
		{19DE9949-F679-4FF9-B726-94FD28C81C06}.Ad-Hoc|iPhoneSimulator.Build.0 = Release|Any CPU
		{19DE9949-F679-4FF9-B726-94FD28C81C06}.Ad-Hoc|x64.ActiveCfg = Release|Any CPU
		{19DE9949-F679-4FF9-B726-94FD28C81C06}.Ad-Hoc|x64.Build.0 = Release|Any CPU
		{19DE9949-F679-4FF9-B726-94FD28C81C06}.Ad-Hoc|x86.ActiveCfg = Release|Any CPU
		{19DE9949-F679-4FF9-B726-94FD28C81C06}.Ad-Hoc|x86.Build.0 = Release|Any CPU
		{19DE9949-F679-4FF9-B726-94FD28C81C06}.AppStore|Any CPU.ActiveCfg = Release|Any CPU
		{19DE9949-F679-4FF9-B726-94FD28C81C06}.AppStore|Any CPU.Build.0 = Release|Any CPU
		{19DE9949-F679-4FF9-B726-94FD28C81C06}.AppStore|ARM.ActiveCfg = Release|Any CPU
		{19DE9949-F679-4FF9-B726-94FD28C81C06}.AppStore|ARM.Build.0 = Release|Any CPU
		{19DE9949-F679-4FF9-B726-94FD28C81C06}.AppStore|iPhone.ActiveCfg = Release|Any CPU
		{19DE9949-F679-4FF9-B726-94FD28C81C06}.AppStore|iPhone.Build.0 = Release|Any CPU
		{19DE9949-F679-4FF9-B726-94FD28C81C06}.AppStore|iPhoneSimulator.ActiveCfg = Release|Any CPU
		{19DE9949-F679-4FF9-B726-94FD28C81C06}.AppStore|iPhoneSimulator.Build.0 = Release|Any CPU
		{19DE9949-F679-4FF9-B726-94FD28C81C06}.AppStore|x64.ActiveCfg = Release|Any CPU
		{19DE9949-F679-4FF9-B726-94FD28C81C06}.AppStore|x64.Build.0 = Release|Any CPU
		{19DE9949-F679-4FF9-B726-94FD28C81C06}.AppStore|x86.ActiveCfg = Release|Any CPU
		{19DE9949-F679-4FF9-B726-94FD28C81C06}.AppStore|x86.Build.0 = Release|Any CPU
		{19DE9949-F679-4FF9-B726-94FD28C81C06}.Debug|Any CPU.ActiveCfg = Debug|Any CPU
		{19DE9949-F679-4FF9-B726-94FD28C81C06}.Debug|Any CPU.Build.0 = Debug|Any CPU
		{19DE9949-F679-4FF9-B726-94FD28C81C06}.Debug|ARM.ActiveCfg = Debug|Any CPU
		{19DE9949-F679-4FF9-B726-94FD28C81C06}.Debug|ARM.Build.0 = Debug|Any CPU
		{19DE9949-F679-4FF9-B726-94FD28C81C06}.Debug|iPhone.ActiveCfg = Debug|Any CPU
		{19DE9949-F679-4FF9-B726-94FD28C81C06}.Debug|iPhone.Build.0 = Debug|Any CPU
		{19DE9949-F679-4FF9-B726-94FD28C81C06}.Debug|iPhoneSimulator.ActiveCfg = Debug|Any CPU
		{19DE9949-F679-4FF9-B726-94FD28C81C06}.Debug|iPhoneSimulator.Build.0 = Debug|Any CPU
		{19DE9949-F679-4FF9-B726-94FD28C81C06}.Debug|x64.ActiveCfg = Debug|Any CPU
		{19DE9949-F679-4FF9-B726-94FD28C81C06}.Debug|x64.Build.0 = Debug|Any CPU
		{19DE9949-F679-4FF9-B726-94FD28C81C06}.Debug|x86.ActiveCfg = Debug|Any CPU
		{19DE9949-F679-4FF9-B726-94FD28C81C06}.Debug|x86.Build.0 = Debug|Any CPU
		{19DE9949-F679-4FF9-B726-94FD28C81C06}.Release|Any CPU.ActiveCfg = Release|Any CPU
		{19DE9949-F679-4FF9-B726-94FD28C81C06}.Release|Any CPU.Build.0 = Release|Any CPU
		{19DE9949-F679-4FF9-B726-94FD28C81C06}.Release|ARM.ActiveCfg = Release|Any CPU
		{19DE9949-F679-4FF9-B726-94FD28C81C06}.Release|ARM.Build.0 = Release|Any CPU
		{19DE9949-F679-4FF9-B726-94FD28C81C06}.Release|iPhone.ActiveCfg = Release|Any CPU
		{19DE9949-F679-4FF9-B726-94FD28C81C06}.Release|iPhone.Build.0 = Release|Any CPU
		{19DE9949-F679-4FF9-B726-94FD28C81C06}.Release|iPhoneSimulator.ActiveCfg = Release|Any CPU
		{19DE9949-F679-4FF9-B726-94FD28C81C06}.Release|iPhoneSimulator.Build.0 = Release|Any CPU
		{19DE9949-F679-4FF9-B726-94FD28C81C06}.Release|x64.ActiveCfg = Release|Any CPU
		{19DE9949-F679-4FF9-B726-94FD28C81C06}.Release|x64.Build.0 = Release|Any CPU
		{19DE9949-F679-4FF9-B726-94FD28C81C06}.Release|x86.ActiveCfg = Release|Any CPU
		{19DE9949-F679-4FF9-B726-94FD28C81C06}.Release|x86.Build.0 = Release|Any CPU
	EndGlobalSection
	GlobalSection(SolutionProperties) = preSolution
		HideSolutionNode = FALSE
	EndGlobalSection
EndGlobal
